{"is_source_file": false, "format": "", "description": "", "external_files": [], "external_methods": [], "published": [], "classes": [], "methods": [], "calls": [], "search-terms": [], "state": 2, "file_id": 18, "knowledge_revision": 36, "git_revision": "112b80b6d9ee83e34c0a47de987b79ed2897df22", "hash": "e9b4c3b42cef0193b7fddb548d37e652", "format-version": 4, "code-base-name": "default", "filename": "hide_seek_online/post_process_status.lock", "revision_history": [{"36": "112b80b6d9ee83e34c0a47de987b79ed2897df22"}]}